
Microsoft Visual Studio Solution File, Format Version 12.00
# Visual Studio 2012
Project("{FAE04EC0-301F-11D3-BF4B-00C04F79EFBC}") = "CheckSummer", "CheckSummer\CheckSummer.csproj", "{53EFC578-3EC3-452B-9C60-74DA02630B25}"
EndProject
Global
	GlobalSection(SolutionConfigurationPlatforms) = preSolution
		Debug|Any CPU = Debug|Any CPU
		Release|Any CPU = Release|Any CPU
	EndGlobalSection
	GlobalSection(ProjectConfigurationPlatforms) = postSolution
		{53EFC578-3EC3-452B-9C60-74DA02630B25}.Debug|Any CPU.ActiveCfg = Debug|Any CPU
		{53EFC578-3EC3-452B-9C60-74DA02630B25}.Debug|Any CPU.Build.0 = Debug|Any CPU
		{53EFC578-3EC3-452B-9C60-74DA02630B25}.Release|Any CPU.ActiveCfg = Release|Any CPU
		{53EFC578-3EC3-452B-9C60-74DA02630B25}.Release|Any CPU.Build.0 = Release|Any CPU
	EndGlobalSection
	GlobalSection(SolutionProperties) = preSolution
		HideSolutionNode = FALSE
	EndGlobalSection
EndGlobal
